
Microsoft Visual Studio Solution File, Format Version 12.00
# Visual Studio Version 16
VisualStudioVersion = 16.0.31129.286
MinimumVisualStudioVersion = 10.0.40219.1
Project("{FAE04EC0-301F-11D3-BF4B-00C04F79EFBC}") = "StartMenu", "StartMenu.csproj", "{C7F93ED6-DC29-45B5-BD99-8A12587051A8}"
EndProject
Global
	GlobalSection(SolutionConfigurationPlatforms) = preSolution
		Debug|Any CPU = Debug|Any CPU
		Release|Any CPU = Release|Any CPU
	EndGlobalSection
	GlobalSection(ProjectConfigurationPlatforms) = postSolution
		{C7F93ED6-DC29-45B5-BD99-8A12587051A8}.Debug|Any CPU.ActiveCfg = Debug|Any CPU
		{C7F93ED6-DC29-45B5-BD99-8A12587051A8}.Debug|Any CPU.Build.0 = Debug|Any CPU
		{C7F93ED6-DC29-45B5-BD99-8A12587051A8}.Release|Any CPU.ActiveCfg = Release|Any CPU
		{C7F93ED6-DC29-45B5-BD99-8A12587051A8}.Release|Any CPU.Build.0 = Release|Any CPU
	EndGlobalSection
	GlobalSection(SolutionProperties) = preSolution
		HideSolutionNode = FALSE
	EndGlobalSection
	GlobalSection(ExtensibilityGlobals) = postSolution
		SolutionGuid = {90E03FF7-26FB-47E9-B8E5-082910BE1F24}
	EndGlobalSection
EndGlobal
